
Microsoft Visual Studio Solution File, Format Version 12.00
# Visual Studio Version 17
VisualStudioVersion = 17.0.31903.59
MinimumVisualStudioVersion = 10.0.40219.1
Project("{2150E333-8FDC-42A3-9474-1A3956D46DE8}") = "src", "src", "{827E0CD3-B72D-47B6-A68D-7590B98EB39B}"
EndProject
Project("{2150E333-8FDC-42A3-9474-1A3956D46DE8}") = "Contexts.Events", "Contexts.Events", "{64829F32-29A3-C38F-AA96-5C6969B16F3A}"
EndProject
Project("{FAE04EC0-301F-11D3-BF4B-00C04F79EFBC}") = "Events.Domain", "src\Contexts.Events\Events.Domain\Events.Domain.csproj", "{BA9A44A5-1ED1-4DF9-8B55-5293D1F5CBF4}"
EndProject
Project("{FAE04EC0-301F-11D3-BF4B-00C04F79EFBC}") = "Events.Application", "src\Contexts.Events\Events.Application\Events.Application.csproj", "{A30730F9-6515-4F89-BA0C-4BC3B78A1F9B}"
EndProject
Project("{FAE04EC0-301F-11D3-BF4B-00C04F79EFBC}") = "Events.Infrastructure", "src\Contexts.Events\Events.Infrastructure\Events.Infrastructure.csproj", "{B3762805-125B-4ABB-B351-6A7E81A0B4A5}"
EndProject
Project("{FAE04EC0-301F-11D3-BF4B-00C04F79EFBC}") = "Events.API", "src\Contexts.Events\Events.API\Events.API.csproj", "{834CEF94-97F4-4486-8B63-8D710770BA00}"
EndProject
Project("{2150E333-8FDC-42A3-9474-1A3956D46DE8}") = "Contexts.Sales", "Contexts.Sales", "{AF4F2EB6-5E1A-0C06-DF6D-4F39D65511BD}"
EndProject
Project("{FAE04EC0-301F-11D3-BF4B-00C04F79EFBC}") = "Sales.Domain", "src\Contexts.Sales\Sales.Domain\Sales.Domain.csproj", "{D4B393F5-318B-4535-A662-F46A95900451}"
EndProject
Project("{FAE04EC0-301F-11D3-BF4B-00C04F79EFBC}") = "Sales.Application", "src\Contexts.Sales\Sales.Application\Sales.Application.csproj", "{2ECF336F-7376-48EA-8D91-BE40CDF5FED5}"
EndProject
Project("{FAE04EC0-301F-11D3-BF4B-00C04F79EFBC}") = "Sales.Infrastructure", "src\Contexts.Sales\Sales.Infrastructure\Sales.Infrastructure.csproj", "{60E89422-4F4C-4331-BE36-D04B4DE1E778}"
EndProject
Project("{FAE04EC0-301F-11D3-BF4B-00C04F79EFBC}") = "Sales.API", "src\Contexts.Sales\Sales.API\Sales.API.csproj", "{1A190784-6658-4B4C-861B-0EC59BD3F7FC}"
EndProject
Project("{E53339B6-E3ED-4D10-B77A-A1207D6D04C0}") = "docker-compose", "docker-compose.dcproj", "{4FEF72B8-8DE0-4740-8A7E-DC8B29C5B2EF}"
EndProject
Project("{FAE04EC0-301F-11D3-BF4B-00C04F79EFBC}") = "SharedKernel", "src\SharedKernel\SharedKernel.csproj", "{F970130B-F3A2-4CB8-A071-B6B4E57B4D62}"
EndProject
Global
	GlobalSection(SolutionConfigurationPlatforms) = preSolution
		Debug|Any CPU = Debug|Any CPU
		Debug|x64 = Debug|x64
		Debug|x86 = Debug|x86
		Release|Any CPU = Release|Any CPU
		Release|x64 = Release|x64
		Release|x86 = Release|x86
	EndGlobalSection
	GlobalSection(ProjectConfigurationPlatforms) = postSolution
		{BA9A44A5-1ED1-4DF9-8B55-5293D1F5CBF4}.Debug|Any CPU.ActiveCfg = Debug|Any CPU
		{BA9A44A5-1ED1-4DF9-8B55-5293D1F5CBF4}.Debug|Any CPU.Build.0 = Debug|Any CPU
		{BA9A44A5-1ED1-4DF9-8B55-5293D1F5CBF4}.Debug|x64.ActiveCfg = Debug|Any CPU
		{BA9A44A5-1ED1-4DF9-8B55-5293D1F5CBF4}.Debug|x64.Build.0 = Debug|Any CPU
		{BA9A44A5-1ED1-4DF9-8B55-5293D1F5CBF4}.Debug|x86.ActiveCfg = Debug|Any CPU
		{BA9A44A5-1ED1-4DF9-8B55-5293D1F5CBF4}.Debug|x86.Build.0 = Debug|Any CPU
		{BA9A44A5-1ED1-4DF9-8B55-5293D1F5CBF4}.Release|Any CPU.ActiveCfg = Release|Any CPU
		{BA9A44A5-1ED1-4DF9-8B55-5293D1F5CBF4}.Release|Any CPU.Build.0 = Release|Any CPU
		{BA9A44A5-1ED1-4DF9-8B55-5293D1F5CBF4}.Release|x64.ActiveCfg = Release|Any CPU
		{BA9A44A5-1ED1-4DF9-8B55-5293D1F5CBF4}.Release|x64.Build.0 = Release|Any CPU
		{BA9A44A5-1ED1-4DF9-8B55-5293D1F5CBF4}.Release|x86.ActiveCfg = Release|Any CPU
		{BA9A44A5-1ED1-4DF9-8B55-5293D1F5CBF4}.Release|x86.Build.0 = Release|Any CPU
		{A30730F9-6515-4F89-BA0C-4BC3B78A1F9B}.Debug|Any CPU.ActiveCfg = Debug|Any CPU
		{A30730F9-6515-4F89-BA0C-4BC3B78A1F9B}.Debug|Any CPU.Build.0 = Debug|Any CPU
		{A30730F9-6515-4F89-BA0C-4BC3B78A1F9B}.Debug|x64.ActiveCfg = Debug|Any CPU
		{A30730F9-6515-4F89-BA0C-4BC3B78A1F9B}.Debug|x64.Build.0 = Debug|Any CPU
		{A30730F9-6515-4F89-BA0C-4BC3B78A1F9B}.Debug|x86.ActiveCfg = Debug|Any CPU
		{A30730F9-6515-4F89-BA0C-4BC3B78A1F9B}.Debug|x86.Build.0 = Debug|Any CPU
		{A30730F9-6515-4F89-BA0C-4BC3B78A1F9B}.Release|Any CPU.ActiveCfg = Release|Any CPU
		{A30730F9-6515-4F89-BA0C-4BC3B78A1F9B}.Release|Any CPU.Build.0 = Release|Any CPU
		{A30730F9-6515-4F89-BA0C-4BC3B78A1F9B}.Release|x64.ActiveCfg = Release|Any CPU
		{A30730F9-6515-4F89-BA0C-4BC3B78A1F9B}.Release|x64.Build.0 = Release|Any CPU
		{A30730F9-6515-4F89-BA0C-4BC3B78A1F9B}.Release|x86.ActiveCfg = Release|Any CPU
		{A30730F9-6515-4F89-BA0C-4BC3B78A1F9B}.Release|x86.Build.0 = Release|Any CPU
		{B3762805-125B-4ABB-B351-6A7E81A0B4A5}.Debug|Any CPU.ActiveCfg = Debug|Any CPU
		{B3762805-125B-4ABB-B351-6A7E81A0B4A5}.Debug|Any CPU.Build.0 = Debug|Any CPU
		{B3762805-125B-4ABB-B351-6A7E81A0B4A5}.Debug|x64.ActiveCfg = Debug|Any CPU
		{B3762805-125B-4ABB-B351-6A7E81A0B4A5}.Debug|x64.Build.0 = Debug|Any CPU
		{B3762805-125B-4ABB-B351-6A7E81A0B4A5}.Debug|x86.ActiveCfg = Debug|Any CPU
		{B3762805-125B-4ABB-B351-6A7E81A0B4A5}.Debug|x86.Build.0 = Debug|Any CPU
		{B3762805-125B-4ABB-B351-6A7E81A0B4A5}.Release|Any CPU.ActiveCfg = Release|Any CPU
		{B3762805-125B-4ABB-B351-6A7E81A0B4A5}.Release|Any CPU.Build.0 = Release|Any CPU
		{B3762805-125B-4ABB-B351-6A7E81A0B4A5}.Release|x64.ActiveCfg = Release|Any CPU
		{B3762805-125B-4ABB-B351-6A7E81A0B4A5}.Release|x64.Build.0 = Release|Any CPU
		{B3762805-125B-4ABB-B351-6A7E81A0B4A5}.Release|x86.ActiveCfg = Release|Any CPU
		{B3762805-125B-4ABB-B351-6A7E81A0B4A5}.Release|x86.Build.0 = Release|Any CPU
		{834CEF94-97F4-4486-8B63-8D710770BA00}.Debug|Any CPU.ActiveCfg = Debug|Any CPU
		{834CEF94-97F4-4486-8B63-8D710770BA00}.Debug|Any CPU.Build.0 = Debug|Any CPU
		{834CEF94-97F4-4486-8B63-8D710770BA00}.Debug|x64.ActiveCfg = Debug|Any CPU
		{834CEF94-97F4-4486-8B63-8D710770BA00}.Debug|x64.Build.0 = Debug|Any CPU
		{834CEF94-97F4-4486-8B63-8D710770BA00}.Debug|x86.ActiveCfg = Debug|Any CPU
		{834CEF94-97F4-4486-8B63-8D710770BA00}.Debug|x86.Build.0 = Debug|Any CPU
		{834CEF94-97F4-4486-8B63-8D710770BA00}.Release|Any CPU.ActiveCfg = Release|Any CPU
		{834CEF94-97F4-4486-8B63-8D710770BA00}.Release|Any CPU.Build.0 = Release|Any CPU
		{834CEF94-97F4-4486-8B63-8D710770BA00}.Release|x64.ActiveCfg = Release|Any CPU
		{834CEF94-97F4-4486-8B63-8D710770BA00}.Release|x64.Build.0 = Release|Any CPU
		{834CEF94-97F4-4486-8B63-8D710770BA00}.Release|x86.ActiveCfg = Release|Any CPU
		{834CEF94-97F4-4486-8B63-8D710770BA00}.Release|x86.Build.0 = Release|Any CPU
		{D4B393F5-318B-4535-A662-F46A95900451}.Debug|Any CPU.ActiveCfg = Debug|Any CPU
		{D4B393F5-318B-4535-A662-F46A95900451}.Debug|Any CPU.Build.0 = Debug|Any CPU
		{D4B393F5-318B-4535-A662-F46A95900451}.Debug|x64.ActiveCfg = Debug|Any CPU
		{D4B393F5-318B-4535-A662-F46A95900451}.Debug|x64.Build.0 = Debug|Any CPU
		{D4B393F5-318B-4535-A662-F46A95900451}.Debug|x86.ActiveCfg = Debug|Any CPU
		{D4B393F5-318B-4535-A662-F46A95900451}.Debug|x86.Build.0 = Debug|Any CPU
		{D4B393F5-318B-4535-A662-F46A95900451}.Release|Any CPU.ActiveCfg = Release|Any CPU
		{D4B393F5-318B-4535-A662-F46A95900451}.Release|Any CPU.Build.0 = Release|Any CPU
		{D4B393F5-318B-4535-A662-F46A95900451}.Release|x64.ActiveCfg = Release|Any CPU
		{D4B393F5-318B-4535-A662-F46A95900451}.Release|x64.Build.0 = Release|Any CPU
		{D4B393F5-318B-4535-A662-F46A95900451}.Release|x86.ActiveCfg = Release|Any CPU
		{D4B393F5-318B-4535-A662-F46A95900451}.Release|x86.Build.0 = Release|Any CPU
		{2ECF336F-7376-48EA-8D91-BE40CDF5FED5}.Debug|Any CPU.ActiveCfg = Debug|Any CPU
		{2ECF336F-7376-48EA-8D91-BE40CDF5FED5}.Debug|Any CPU.Build.0 = Debug|Any CPU
		{2ECF336F-7376-48EA-8D91-BE40CDF5FED5}.Debug|x64.ActiveCfg = Debug|Any CPU
		{2ECF336F-7376-48EA-8D91-BE40CDF5FED5}.Debug|x64.Build.0 = Debug|Any CPU
		{2ECF336F-7376-48EA-8D91-BE40CDF5FED5}.Debug|x86.ActiveCfg = Debug|Any CPU
		{2ECF336F-7376-48EA-8D91-BE40CDF5FED5}.Debug|x86.Build.0 = Debug|Any CPU
		{2ECF336F-7376-48EA-8D91-BE40CDF5FED5}.Release|Any CPU.ActiveCfg = Release|Any CPU
		{2ECF336F-7376-48EA-8D91-BE40CDF5FED5}.Release|Any CPU.Build.0 = Release|Any CPU
		{2ECF336F-7376-48EA-8D91-BE40CDF5FED5}.Release|x64.ActiveCfg = Release|Any CPU
		{2ECF336F-7376-48EA-8D91-BE40CDF5FED5}.Release|x64.Build.0 = Release|Any CPU
		{2ECF336F-7376-48EA-8D91-BE40CDF5FED5}.Release|x86.ActiveCfg = Release|Any CPU
		{2ECF336F-7376-48EA-8D91-BE40CDF5FED5}.Release|x86.Build.0 = Release|Any CPU
		{60E89422-4F4C-4331-BE36-D04B4DE1E778}.Debug|Any CPU.ActiveCfg = Debug|Any CPU
		{60E89422-4F4C-4331-BE36-D04B4DE1E778}.Debug|Any CPU.Build.0 = Debug|Any CPU
		{60E89422-4F4C-4331-BE36-D04B4DE1E778}.Debug|x64.ActiveCfg = Debug|Any CPU
		{60E89422-4F4C-4331-BE36-D04B4DE1E778}.Debug|x64.Build.0 = Debug|Any CPU
		{60E89422-4F4C-4331-BE36-D04B4DE1E778}.Debug|x86.ActiveCfg = Debug|Any CPU
		{60E89422-4F4C-4331-BE36-D04B4DE1E778}.Debug|x86.Build.0 = Debug|Any CPU
		{60E89422-4F4C-4331-BE36-D04B4DE1E778}.Release|Any CPU.ActiveCfg = Release|Any CPU
		{60E89422-4F4C-4331-BE36-D04B4DE1E778}.Release|Any CPU.Build.0 = Release|Any CPU
		{60E89422-4F4C-4331-BE36-D04B4DE1E778}.Release|x64.ActiveCfg = Release|Any CPU
		{60E89422-4F4C-4331-BE36-D04B4DE1E778}.Release|x64.Build.0 = Release|Any CPU
		{60E89422-4F4C-4331-BE36-D04B4DE1E778}.Release|x86.ActiveCfg = Release|Any CPU
		{60E89422-4F4C-4331-BE36-D04B4DE1E778}.Release|x86.Build.0 = Release|Any CPU
		{1A190784-6658-4B4C-861B-0EC59BD3F7FC}.Debug|Any CPU.ActiveCfg = Debug|Any CPU
		{1A190784-6658-4B4C-861B-0EC59BD3F7FC}.Debug|Any CPU.Build.0 = Debug|Any CPU
		{1A190784-6658-4B4C-861B-0EC59BD3F7FC}.Debug|x64.ActiveCfg = Debug|Any CPU
		{1A190784-6658-4B4C-861B-0EC59BD3F7FC}.Debug|x64.Build.0 = Debug|Any CPU
		{1A190784-6658-4B4C-861B-0EC59BD3F7FC}.Debug|x86.ActiveCfg = Debug|Any CPU
		{1A190784-6658-4B4C-861B-0EC59BD3F7FC}.Debug|x86.Build.0 = Debug|Any CPU
		{1A190784-6658-4B4C-861B-0EC59BD3F7FC}.Release|Any CPU.ActiveCfg = Release|Any CPU
		{1A190784-6658-4B4C-861B-0EC59BD3F7FC}.Release|Any CPU.Build.0 = Release|Any CPU
		{1A190784-6658-4B4C-861B-0EC59BD3F7FC}.Release|x64.ActiveCfg = Release|Any CPU
		{1A190784-6658-4B4C-861B-0EC59BD3F7FC}.Release|x64.Build.0 = Release|Any CPU
		{1A190784-6658-4B4C-861B-0EC59BD3F7FC}.Release|x86.ActiveCfg = Release|Any CPU
		{1A190784-6658-4B4C-861B-0EC59BD3F7FC}.Release|x86.Build.0 = Release|Any CPU
		{4FEF72B8-8DE0-4740-8A7E-DC8B29C5B2EF}.Debug|Any CPU.ActiveCfg = Debug|Any CPU
		{4FEF72B8-8DE0-4740-8A7E-DC8B29C5B2EF}.Debug|x64.ActiveCfg = Debug|Any CPU
		{4FEF72B8-8DE0-4740-8A7E-DC8B29C5B2EF}.Debug|x86.ActiveCfg = Debug|Any CPU
		{4FEF72B8-8DE0-4740-8A7E-DC8B29C5B2EF}.Release|Any CPU.ActiveCfg = Release|Any CPU
		{4FEF72B8-8DE0-4740-8A7E-DC8B29C5B2EF}.Release|x64.ActiveCfg = Release|Any CPU
		{4FEF72B8-8DE0-4740-8A7E-DC8B29C5B2EF}.Release|x86.ActiveCfg = Release|Any CPU
		{F970130B-F3A2-4CB8-A071-B6B4E57B4D62}.Debug|Any CPU.ActiveCfg = Debug|Any CPU
		{F970130B-F3A2-4CB8-A071-B6B4E57B4D62}.Debug|Any CPU.Build.0 = Debug|Any CPU
		{F970130B-F3A2-4CB8-A071-B6B4E57B4D62}.Debug|x64.ActiveCfg = Debug|Any CPU
		{F970130B-F3A2-4CB8-A071-B6B4E57B4D62}.Debug|x64.Build.0 = Debug|Any CPU
		{F970130B-F3A2-4CB8-A071-B6B4E57B4D62}.Debug|x86.ActiveCfg = Debug|Any CPU
		{F970130B-F3A2-4CB8-A071-B6B4E57B4D62}.Debug|x86.Build.0 = Debug|Any CPU
		{F970130B-F3A2-4CB8-A071-B6B4E57B4D62}.Release|Any CPU.ActiveCfg = Release|Any CPU
		{F970130B-F3A2-4CB8-A071-B6B4E57B4D62}.Release|Any CPU.Build.0 = Release|Any CPU
		{F970130B-F3A2-4CB8-A071-B6B4E57B4D62}.Release|x64.ActiveCfg = Release|Any CPU
		{F970130B-F3A2-4CB8-A071-B6B4E57B4D62}.Release|x64.Build.0 = Release|Any CPU
		{F970130B-F3A2-4CB8-A071-B6B4E57B4D62}.Release|x86.ActiveCfg = Release|Any CPU
		{F970130B-F3A2-4CB8-A071-B6B4E57B4D62}.Release|x86.Build.0 = Release|Any CPU
	EndGlobalSection
	GlobalSection(SolutionProperties) = preSolution
		HideSolutionNode = FALSE
	EndGlobalSection
	GlobalSection(NestedProjects) = preSolution
		{64829F32-29A3-C38F-AA96-5C6969B16F3A} = {827E0CD3-B72D-47B6-A68D-7590B98EB39B}
		{BA9A44A5-1ED1-4DF9-8B55-5293D1F5CBF4} = {64829F32-29A3-C38F-AA96-5C6969B16F3A}
		{A30730F9-6515-4F89-BA0C-4BC3B78A1F9B} = {64829F32-29A3-C38F-AA96-5C6969B16F3A}
		{B3762805-125B-4ABB-B351-6A7E81A0B4A5} = {64829F32-29A3-C38F-AA96-5C6969B16F3A}
		{834CEF94-97F4-4486-8B63-8D710770BA00} = {64829F32-29A3-C38F-AA96-5C6969B16F3A}
		{AF4F2EB6-5E1A-0C06-DF6D-4F39D65511BD} = {827E0CD3-B72D-47B6-A68D-7590B98EB39B}
		{D4B393F5-318B-4535-A662-F46A95900451} = {AF4F2EB6-5E1A-0C06-DF6D-4F39D65511BD}
		{2ECF336F-7376-48EA-8D91-BE40CDF5FED5} = {AF4F2EB6-5E1A-0C06-DF6D-4F39D65511BD}
		{60E89422-4F4C-4331-BE36-D04B4DE1E778} = {AF4F2EB6-5E1A-0C06-DF6D-4F39D65511BD}
		{1A190784-6658-4B4C-861B-0EC59BD3F7FC} = {AF4F2EB6-5E1A-0C06-DF6D-4F39D65511BD}
		{F970130B-F3A2-4CB8-A071-B6B4E57B4D62} = {827E0CD3-B72D-47B6-A68D-7590B98EB39B}
	EndGlobalSection
EndGlobal
